
Microsoft Visual Studio Solution File, Format Version 12.00
# Visual Studio 2012
Project("{FAE04EC0-301F-11D3-BF4B-00C04F79EFBC}") = "MassTransit.SerilogIntegration", "src\MassTransit.SerilogIntegration.csproj", "{0E90AFE6-99E8-43CF-995E-E99466DD6807}"
EndProject
Project("{2150E333-8FDC-42A3-9474-1A3956D46DE8}") = ".nuget", ".nuget", "{82815690-2EE0-403C-A80D-4E7E32C77C0E}"
	ProjectSection(SolutionItems) = preProject
		.nuget\NuGet.Config = .nuget\NuGet.Config
		.nuget\NuGet.exe = .nuget\NuGet.exe
		.nuget\NuGet.targets = .nuget\NuGet.targets
	EndProjectSection
EndProject
Global
	GlobalSection(SolutionConfigurationPlatforms) = preSolution
		Debug|Any CPU = Debug|Any CPU
		Release|Any CPU = Release|Any CPU
	EndGlobalSection
	GlobalSection(ProjectConfigurationPlatforms) = postSolution
		{0E90AFE6-99E8-43CF-995E-E99466DD6807}.Debug|Any CPU.ActiveCfg = Debug|Any CPU
		{0E90AFE6-99E8-43CF-995E-E99466DD6807}.Debug|Any CPU.Build.0 = Debug|Any CPU
		{0E90AFE6-99E8-43CF-995E-E99466DD6807}.Release|Any CPU.ActiveCfg = Release|Any CPU
		{0E90AFE6-99E8-43CF-995E-E99466DD6807}.Release|Any CPU.Build.0 = Release|Any CPU
	EndGlobalSection
	GlobalSection(SolutionProperties) = preSolution
		HideSolutionNode = FALSE
	EndGlobalSection
EndGlobal
